
Microsoft Visual Studio Solution File, Format Version 12.00
# Visual Studio Version 16
VisualStudioVersion = 16.0.29613.14
MinimumVisualStudioVersion = 10.0.40219.1
Project("{FAE04EC0-301F-11D3-BF4B-00C04F79EFBC}") = "WeatherTimeZoneInfoAPI", "WeatherTimeZoneInfoAPI\WeatherTimeZoneInfoAPI.csproj", "{79575134-8475-4A27-81D3-D037679FB1E3}"
EndProject
Project("{FAE04EC0-301F-11D3-BF4B-00C04F79EFBC}") = "WeatherTimeZoneInfo", "WeatherTimeZoneInfo\WeatherTimeZoneInfo.csproj", "{1BB09ABE-2E7C-4DCE-874D-443432CCFE21}"
EndProject
Global
	GlobalSection(SolutionConfigurationPlatforms) = preSolution
		Debug|Any CPU = Debug|Any CPU
		Release|Any CPU = Release|Any CPU
	EndGlobalSection
	GlobalSection(ProjectConfigurationPlatforms) = postSolution
		{79575134-8475-4A27-81D3-D037679FB1E3}.Debug|Any CPU.ActiveCfg = Debug|Any CPU
		{79575134-8475-4A27-81D3-D037679FB1E3}.Debug|Any CPU.Build.0 = Debug|Any CPU
		{79575134-8475-4A27-81D3-D037679FB1E3}.Release|Any CPU.ActiveCfg = Release|Any CPU
		{79575134-8475-4A27-81D3-D037679FB1E3}.Release|Any CPU.Build.0 = Release|Any CPU
		{1BB09ABE-2E7C-4DCE-874D-443432CCFE21}.Debug|Any CPU.ActiveCfg = Debug|Any CPU
		{1BB09ABE-2E7C-4DCE-874D-443432CCFE21}.Debug|Any CPU.Build.0 = Debug|Any CPU
		{1BB09ABE-2E7C-4DCE-874D-443432CCFE21}.Release|Any CPU.ActiveCfg = Release|Any CPU
		{1BB09ABE-2E7C-4DCE-874D-443432CCFE21}.Release|Any CPU.Build.0 = Release|Any CPU
	EndGlobalSection
	GlobalSection(SolutionProperties) = preSolution
		HideSolutionNode = FALSE
	EndGlobalSection
	GlobalSection(ExtensibilityGlobals) = postSolution
		SolutionGuid = {1F886ACA-7C6F-40FA-895D-AB1F19F5192F}
	EndGlobalSection
EndGlobal
